
Microsoft Visual Studio Solution File, Format Version 12.00
# Visual Studio 15
Project("{FAE04EC0-301F-11D3-BF4B-00C04F79EFBC}") = "Assembly-CSharp", "Assembly-CSharp.csproj", "{B42681ED-35FB-8B1B-2163-1D23BCCE138D}"
EndProject
Global
	GlobalSection(SolutionConfigurationPlatforms) = preSolution
		Debug|Any CPU = Debug|Any CPU
		Release|Any CPU = Release|Any CPU
	EndGlobalSection
	GlobalSection(ProjectConfigurationPlatforms) = postSolution
		{B42681ED-35FB-8B1B-2163-1D23BCCE138D}.Debug|Any CPU.ActiveCfg = Debug|Any CPU
		{B42681ED-35FB-8B1B-2163-1D23BCCE138D}.Debug|Any CPU.Build.0 = Debug|Any CPU
		{B42681ED-35FB-8B1B-2163-1D23BCCE138D}.Release|Any CPU.ActiveCfg = Release|Any CPU
		{B42681ED-35FB-8B1B-2163-1D23BCCE138D}.Release|Any CPU.Build.0 = Release|Any CPU
	EndGlobalSection
	GlobalSection(SolutionProperties) = preSolution
		HideSolutionNode = FALSE
	EndGlobalSection
EndGlobal
